
Microsoft Visual Studio Solution File, Format Version 12.00
# Visual Studio Version 16
VisualStudioVersion = 16.0.29613.14
MinimumVisualStudioVersion = 10.0.40219.1
Project("{2150E333-8FDC-42A3-9474-1A3956D46DE8}") = "Solution Items", "Solution Items", "{959651FE-AD4D-40F3-9044-8BE2812C4587}"
	ProjectSection(SolutionItems) = preProject
		LICENSE = LICENSE
		README.md = README.md
	EndProjectSection
EndProject
Project("{9A19103F-16F7-4668-BE54-9A1E7A4F7556}") = "ConsoleTest", "ConsoleTest\ConsoleTest.csproj", "{3183ED84-550F-43BC-86A9-7E80D725D303}"
EndProject
Project("{9A19103F-16F7-4668-BE54-9A1E7A4F7556}") = "GenericHostBuilderLogger", "GenericHostBuilderLogger\GenericHostBuilderLogger.csproj", "{D99C6A77-B21F-4DCE-8F89-1DAE6C282FFD}"
EndProject
Project("{FAE04EC0-301F-11D3-BF4B-00C04F79EFBC}") = "ConsoleWithSerilog", "ConsoleWithSerilog\ConsoleWithSerilog.csproj", "{DF872BFA-EF13-4642-89F9-8594C3E1D871}"
EndProject
Project("{FAE04EC0-301F-11D3-BF4B-00C04F79EFBC}") = "SerilogGenericHostBuilderLogger", "SerilogGenericHostBuilderLogger\SerilogGenericHostBuilderLogger.csproj", "{0934553C-DCC8-48C8-A66C-496D703F6FE9}"
EndProject
Global
	GlobalSection(SolutionConfigurationPlatforms) = preSolution
		Debug|Any CPU = Debug|Any CPU
		Release|Any CPU = Release|Any CPU
	EndGlobalSection
	GlobalSection(ProjectConfigurationPlatforms) = postSolution
		{3183ED84-550F-43BC-86A9-7E80D725D303}.Debug|Any CPU.ActiveCfg = Debug|Any CPU
		{3183ED84-550F-43BC-86A9-7E80D725D303}.Debug|Any CPU.Build.0 = Debug|Any CPU
		{3183ED84-550F-43BC-86A9-7E80D725D303}.Release|Any CPU.ActiveCfg = Release|Any CPU
		{3183ED84-550F-43BC-86A9-7E80D725D303}.Release|Any CPU.Build.0 = Release|Any CPU
		{D99C6A77-B21F-4DCE-8F89-1DAE6C282FFD}.Debug|Any CPU.ActiveCfg = Debug|Any CPU
		{D99C6A77-B21F-4DCE-8F89-1DAE6C282FFD}.Debug|Any CPU.Build.0 = Debug|Any CPU
		{D99C6A77-B21F-4DCE-8F89-1DAE6C282FFD}.Release|Any CPU.ActiveCfg = Release|Any CPU
		{D99C6A77-B21F-4DCE-8F89-1DAE6C282FFD}.Release|Any CPU.Build.0 = Release|Any CPU
		{DF872BFA-EF13-4642-89F9-8594C3E1D871}.Debug|Any CPU.ActiveCfg = Debug|Any CPU
		{DF872BFA-EF13-4642-89F9-8594C3E1D871}.Debug|Any CPU.Build.0 = Debug|Any CPU
		{DF872BFA-EF13-4642-89F9-8594C3E1D871}.Release|Any CPU.ActiveCfg = Release|Any CPU
		{DF872BFA-EF13-4642-89F9-8594C3E1D871}.Release|Any CPU.Build.0 = Release|Any CPU
		{0934553C-DCC8-48C8-A66C-496D703F6FE9}.Debug|Any CPU.ActiveCfg = Debug|Any CPU
		{0934553C-DCC8-48C8-A66C-496D703F6FE9}.Debug|Any CPU.Build.0 = Debug|Any CPU
		{0934553C-DCC8-48C8-A66C-496D703F6FE9}.Release|Any CPU.ActiveCfg = Release|Any CPU
		{0934553C-DCC8-48C8-A66C-496D703F6FE9}.Release|Any CPU.Build.0 = Release|Any CPU
	EndGlobalSection
	GlobalSection(SolutionProperties) = preSolution
		HideSolutionNode = FALSE
	EndGlobalSection
	GlobalSection(ExtensibilityGlobals) = postSolution
		SolutionGuid = {B0EB5475-6369-4535-8CEB-170CAB0E3E5E}
	EndGlobalSection
EndGlobal
